
Microsoft Visual Studio Solution File, Format Version 12.00
# Visual Studio 15
VisualStudioVersion = 15.0.28010.2036
MinimumVisualStudioVersion = 10.0.40219.1
Project("{FAE04EC0-301F-11D3-BF4B-00C04F79EFBC}") = "Client", "ALP\Client.csproj", "{C13AF7CB-5CA4-4737-92FF-CC06DD6FDFAD}"
EndProject
Project("{00D1A9C2-B5F0-4AF3-8072-F6C62B433612}") = "Database", "Database\Database.sqlproj", "{8866C5BF-21C4-49A4-85F4-CBCE70CBE272}"
EndProject
Project("{9A19103F-16F7-4668-BE54-9A1E7A4F7556}") = "API", "API\API.csproj", "{EF9287E9-CDD0-49B8-98B1-BE596E4CA614}"
EndProject
Project("{FAE04EC0-301F-11D3-BF4B-00C04F79EFBC}") = "DAL", "DAL\DAL.csproj", "{72F2082B-38BA-4A5D-9393-34D8165FC02B}"
EndProject
Project("{FAE04EC0-301F-11D3-BF4B-00C04F79EFBC}") = "Common", "Model\Common.csproj", "{586C9CF2-6C66-40EA-8F4E-F5E4B9140ABF}"
EndProject
Global
	GlobalSection(SolutionConfigurationPlatforms) = preSolution
		Debug|Any CPU = Debug|Any CPU
		Release|Any CPU = Release|Any CPU
	EndGlobalSection
	GlobalSection(ProjectConfigurationPlatforms) = postSolution
		{C13AF7CB-5CA4-4737-92FF-CC06DD6FDFAD}.Debug|Any CPU.ActiveCfg = Debug|Any CPU
		{C13AF7CB-5CA4-4737-92FF-CC06DD6FDFAD}.Debug|Any CPU.Build.0 = Debug|Any CPU
		{C13AF7CB-5CA4-4737-92FF-CC06DD6FDFAD}.Release|Any CPU.ActiveCfg = Release|Any CPU
		{C13AF7CB-5CA4-4737-92FF-CC06DD6FDFAD}.Release|Any CPU.Build.0 = Release|Any CPU
		{8866C5BF-21C4-49A4-85F4-CBCE70CBE272}.Debug|Any CPU.ActiveCfg = Debug|Any CPU
		{8866C5BF-21C4-49A4-85F4-CBCE70CBE272}.Debug|Any CPU.Build.0 = Debug|Any CPU
		{8866C5BF-21C4-49A4-85F4-CBCE70CBE272}.Debug|Any CPU.Deploy.0 = Debug|Any CPU
		{8866C5BF-21C4-49A4-85F4-CBCE70CBE272}.Release|Any CPU.ActiveCfg = Release|Any CPU
		{8866C5BF-21C4-49A4-85F4-CBCE70CBE272}.Release|Any CPU.Build.0 = Release|Any CPU
		{8866C5BF-21C4-49A4-85F4-CBCE70CBE272}.Release|Any CPU.Deploy.0 = Release|Any CPU
		{EF9287E9-CDD0-49B8-98B1-BE596E4CA614}.Debug|Any CPU.ActiveCfg = Debug|Any CPU
		{EF9287E9-CDD0-49B8-98B1-BE596E4CA614}.Debug|Any CPU.Build.0 = Debug|Any CPU
		{EF9287E9-CDD0-49B8-98B1-BE596E4CA614}.Release|Any CPU.ActiveCfg = Release|Any CPU
		{EF9287E9-CDD0-49B8-98B1-BE596E4CA614}.Release|Any CPU.Build.0 = Release|Any CPU
		{72F2082B-38BA-4A5D-9393-34D8165FC02B}.Debug|Any CPU.ActiveCfg = Debug|Any CPU
		{72F2082B-38BA-4A5D-9393-34D8165FC02B}.Debug|Any CPU.Build.0 = Debug|Any CPU
		{72F2082B-38BA-4A5D-9393-34D8165FC02B}.Release|Any CPU.ActiveCfg = Release|Any CPU
		{72F2082B-38BA-4A5D-9393-34D8165FC02B}.Release|Any CPU.Build.0 = Release|Any CPU
		{586C9CF2-6C66-40EA-8F4E-F5E4B9140ABF}.Debug|Any CPU.ActiveCfg = Debug|Any CPU
		{586C9CF2-6C66-40EA-8F4E-F5E4B9140ABF}.Debug|Any CPU.Build.0 = Debug|Any CPU
		{586C9CF2-6C66-40EA-8F4E-F5E4B9140ABF}.Release|Any CPU.ActiveCfg = Release|Any CPU
		{586C9CF2-6C66-40EA-8F4E-F5E4B9140ABF}.Release|Any CPU.Build.0 = Release|Any CPU
	EndGlobalSection
	GlobalSection(SolutionProperties) = preSolution
		HideSolutionNode = FALSE
	EndGlobalSection
	GlobalSection(ExtensibilityGlobals) = postSolution
		SolutionGuid = {92080653-CB63-4551-AF89-87C407CAA14C}
	EndGlobalSection
EndGlobal
